
Microsoft Visual Studio Solution File, Format Version 12.00
# Visual Studio Version 17
VisualStudioVersion = 17.10.35004.147
MinimumVisualStudioVersion = 10.0.40219.1
Project("{FAE04EC0-301F-11D3-BF4B-00C04F79EFBC}") = "Rick and Morty", "Rick and Morty\Rick and Morty.csproj", "{BE61C9F8-774D-4201-875A-17958CA4CE8E}"
EndProject
Global
	GlobalSection(SolutionConfigurationPlatforms) = preSolution
		Debug|Any CPU = Debug|Any CPU
		Release|Any CPU = Release|Any CPU
	EndGlobalSection
	GlobalSection(ProjectConfigurationPlatforms) = postSolution
		{BE61C9F8-774D-4201-875A-17958CA4CE8E}.Debug|Any CPU.ActiveCfg = Debug|Any CPU
		{BE61C9F8-774D-4201-875A-17958CA4CE8E}.Debug|Any CPU.Build.0 = Debug|Any CPU
		{BE61C9F8-774D-4201-875A-17958CA4CE8E}.Release|Any CPU.ActiveCfg = Release|Any CPU
		{BE61C9F8-774D-4201-875A-17958CA4CE8E}.Release|Any CPU.Build.0 = Release|Any CPU
	EndGlobalSection
	GlobalSection(SolutionProperties) = preSolution
		HideSolutionNode = FALSE
	EndGlobalSection
	GlobalSection(ExtensibilityGlobals) = postSolution
		SolutionGuid = {0A1FCFAD-4F4E-43C1-92B8-387248B6A27A}
	EndGlobalSection
EndGlobal
